
Microsoft Visual Studio Solution File, Format Version 12.00
Project("{FAE04EC0-301F-11D3-BF4B-00C04F79EFBC}") = "Mqtt.Supervisor", "src\Supervisor\Mqtt.Supervisor\Mqtt.Supervisor.csproj", "{6BEC0349-BFCE-454A-8F68-9149C460093D}"
EndProject
Project("{2150E333-8FDC-42A3-9474-1A3956D46DE8}") = "Supervisor", "Supervisor", "{B6D83274-D14B-4F1E-9A6F-7EC1491FDA60}"
EndProject
Project("{2150E333-8FDC-42A3-9474-1A3956D46DE8}") = "src", "src", "{18D09DE3-CE0B-4942-8D78-3D8F598C9562}"
EndProject
Project("{2150E333-8FDC-42A3-9474-1A3956D46DE8}") = "Device", "Device", "{1AB59847-20C8-4095-810D-C5C52E4C4491}"
EndProject
Project("{FAE04EC0-301F-11D3-BF4B-00C04F79EFBC}") = "Mqtt.Device", "src\Device\Mqtt.Device\Mqtt.Device.csproj", "{0EC7AA6E-2966-4B38-B61D-E464B72DAB00}"
EndProject
Project("{FAE04EC0-301F-11D3-BF4B-00C04F79EFBC}") = "Device.Abstractions", "src\Device\Device.Abstractions\Device.Abstractions.csproj", "{AAEF9D27-794D-430F-8B2D-C31DD23EFE06}"
EndProject
Project("{FAE04EC0-301F-11D3-BF4B-00C04F79EFBC}") = "Device.Rpi", "src\Device\Device.Rpi\Device.Rpi.csproj", "{00FC7CEA-71B4-459C-ABAF-F1784B3415A5}"
EndProject
Project("{2150E333-8FDC-42A3-9474-1A3956D46DE8}") = "Deployment", "Deployment", "{824B775B-38F6-4786-AEBB-A3117FD5F7E6}"
	ProjectSection(SolutionItems) = preProject
		Deployment\docker-compose.yaml = Deployment\docker-compose.yaml
	EndProjectSection
EndProject
Project("{2150E333-8FDC-42A3-9474-1A3956D46DE8}") = "Shared", "Shared", "{3B275FE3-48B2-4A1E-8D0A-4D4A34F7A427}"
EndProject
Project("{FAE04EC0-301F-11D3-BF4B-00C04F79EFBC}") = "Shared.Mqtt.Client", "src\shared\Shared.Mqtt.Client\Shared.Mqtt.Client.csproj", "{F019FC57-6EBC-4267-B1C2-D10F6D2BD987}"
EndProject
Project("{FAE04EC0-301F-11D3-BF4B-00C04F79EFBC}") = "Shared.Mqtt.Client.Abstractions", "src\shared\Shared.Mqtt.Client.Abstractions\Shared.Mqtt.Client.Abstractions.csproj", "{6A2801BF-ACCE-4BFB-BCB7-5B09F4A826B1}"
EndProject
Project("{FAE04EC0-301F-11D3-BF4B-00C04F79EFBC}") = "Device.Mock", "src\Device\Device.Mock\Device.Mock.csproj", "{F830007C-2C1D-46D7-A8AF-88177E1FC0C2}"
EndProject
Project("{FAE04EC0-301F-11D3-BF4B-00C04F79EFBC}") = "Topics", "src\shared\Topics\Topics.csproj", "{E193841B-9F0B-431F-9E5D-A54D5F05B1C1}"
EndProject
Project("{FAE04EC0-301F-11D3-BF4B-00C04F79EFBC}") = "Shared.Messaging", "src\shared\Shared.Messaging\Shared.Messaging.csproj", "{52DF7942-7FBD-4607-A670-E44F1B072D49}"
EndProject
Project("{FAE04EC0-301F-11D3-BF4B-00C04F79EFBC}") = "Shared.Contracts", "src\shared\Shared.Contracts\Shared.Contracts.csproj", "{305F7D88-9FE8-4D03-8C2A-24B1C72686A2}"
EndProject
Global
	GlobalSection(SolutionConfigurationPlatforms) = preSolution
		Debug|Any CPU = Debug|Any CPU
		Release|Any CPU = Release|Any CPU
	EndGlobalSection
	GlobalSection(ProjectConfigurationPlatforms) = postSolution
		{6BEC0349-BFCE-454A-8F68-9149C460093D}.Debug|Any CPU.ActiveCfg = Debug|Any CPU
		{6BEC0349-BFCE-454A-8F68-9149C460093D}.Debug|Any CPU.Build.0 = Debug|Any CPU
		{6BEC0349-BFCE-454A-8F68-9149C460093D}.Release|Any CPU.ActiveCfg = Release|Any CPU
		{6BEC0349-BFCE-454A-8F68-9149C460093D}.Release|Any CPU.Build.0 = Release|Any CPU
		{0EC7AA6E-2966-4B38-B61D-E464B72DAB00}.Debug|Any CPU.ActiveCfg = Debug|Any CPU
		{0EC7AA6E-2966-4B38-B61D-E464B72DAB00}.Debug|Any CPU.Build.0 = Debug|Any CPU
		{0EC7AA6E-2966-4B38-B61D-E464B72DAB00}.Release|Any CPU.ActiveCfg = Release|Any CPU
		{0EC7AA6E-2966-4B38-B61D-E464B72DAB00}.Release|Any CPU.Build.0 = Release|Any CPU
		{AAEF9D27-794D-430F-8B2D-C31DD23EFE06}.Debug|Any CPU.ActiveCfg = Debug|Any CPU
		{AAEF9D27-794D-430F-8B2D-C31DD23EFE06}.Debug|Any CPU.Build.0 = Debug|Any CPU
		{AAEF9D27-794D-430F-8B2D-C31DD23EFE06}.Release|Any CPU.ActiveCfg = Release|Any CPU
		{AAEF9D27-794D-430F-8B2D-C31DD23EFE06}.Release|Any CPU.Build.0 = Release|Any CPU
		{00FC7CEA-71B4-459C-ABAF-F1784B3415A5}.Debug|Any CPU.ActiveCfg = Debug|Any CPU
		{00FC7CEA-71B4-459C-ABAF-F1784B3415A5}.Debug|Any CPU.Build.0 = Debug|Any CPU
		{00FC7CEA-71B4-459C-ABAF-F1784B3415A5}.Release|Any CPU.ActiveCfg = Release|Any CPU
		{00FC7CEA-71B4-459C-ABAF-F1784B3415A5}.Release|Any CPU.Build.0 = Release|Any CPU
		{F019FC57-6EBC-4267-B1C2-D10F6D2BD987}.Debug|Any CPU.ActiveCfg = Debug|Any CPU
		{F019FC57-6EBC-4267-B1C2-D10F6D2BD987}.Debug|Any CPU.Build.0 = Debug|Any CPU
		{F019FC57-6EBC-4267-B1C2-D10F6D2BD987}.Release|Any CPU.ActiveCfg = Release|Any CPU
		{F019FC57-6EBC-4267-B1C2-D10F6D2BD987}.Release|Any CPU.Build.0 = Release|Any CPU
		{6A2801BF-ACCE-4BFB-BCB7-5B09F4A826B1}.Debug|Any CPU.ActiveCfg = Debug|Any CPU
		{6A2801BF-ACCE-4BFB-BCB7-5B09F4A826B1}.Debug|Any CPU.Build.0 = Debug|Any CPU
		{6A2801BF-ACCE-4BFB-BCB7-5B09F4A826B1}.Release|Any CPU.ActiveCfg = Release|Any CPU
		{6A2801BF-ACCE-4BFB-BCB7-5B09F4A826B1}.Release|Any CPU.Build.0 = Release|Any CPU
		{F830007C-2C1D-46D7-A8AF-88177E1FC0C2}.Debug|Any CPU.ActiveCfg = Debug|Any CPU
		{F830007C-2C1D-46D7-A8AF-88177E1FC0C2}.Debug|Any CPU.Build.0 = Debug|Any CPU
		{F830007C-2C1D-46D7-A8AF-88177E1FC0C2}.Release|Any CPU.ActiveCfg = Release|Any CPU
		{F830007C-2C1D-46D7-A8AF-88177E1FC0C2}.Release|Any CPU.Build.0 = Release|Any CPU
		{E193841B-9F0B-431F-9E5D-A54D5F05B1C1}.Debug|Any CPU.ActiveCfg = Debug|Any CPU
		{E193841B-9F0B-431F-9E5D-A54D5F05B1C1}.Debug|Any CPU.Build.0 = Debug|Any CPU
		{E193841B-9F0B-431F-9E5D-A54D5F05B1C1}.Release|Any CPU.ActiveCfg = Release|Any CPU
		{E193841B-9F0B-431F-9E5D-A54D5F05B1C1}.Release|Any CPU.Build.0 = Release|Any CPU
		{52DF7942-7FBD-4607-A670-E44F1B072D49}.Debug|Any CPU.ActiveCfg = Debug|Any CPU
		{52DF7942-7FBD-4607-A670-E44F1B072D49}.Debug|Any CPU.Build.0 = Debug|Any CPU
		{52DF7942-7FBD-4607-A670-E44F1B072D49}.Release|Any CPU.ActiveCfg = Release|Any CPU
		{52DF7942-7FBD-4607-A670-E44F1B072D49}.Release|Any CPU.Build.0 = Release|Any CPU
		{305F7D88-9FE8-4D03-8C2A-24B1C72686A2}.Debug|Any CPU.ActiveCfg = Debug|Any CPU
		{305F7D88-9FE8-4D03-8C2A-24B1C72686A2}.Debug|Any CPU.Build.0 = Debug|Any CPU
		{305F7D88-9FE8-4D03-8C2A-24B1C72686A2}.Release|Any CPU.ActiveCfg = Release|Any CPU
		{305F7D88-9FE8-4D03-8C2A-24B1C72686A2}.Release|Any CPU.Build.0 = Release|Any CPU
	EndGlobalSection
	GlobalSection(NestedProjects) = preSolution
		{B6D83274-D14B-4F1E-9A6F-7EC1491FDA60} = {18D09DE3-CE0B-4942-8D78-3D8F598C9562}
		{6BEC0349-BFCE-454A-8F68-9149C460093D} = {B6D83274-D14B-4F1E-9A6F-7EC1491FDA60}
		{1AB59847-20C8-4095-810D-C5C52E4C4491} = {18D09DE3-CE0B-4942-8D78-3D8F598C9562}
		{0EC7AA6E-2966-4B38-B61D-E464B72DAB00} = {1AB59847-20C8-4095-810D-C5C52E4C4491}
		{AAEF9D27-794D-430F-8B2D-C31DD23EFE06} = {1AB59847-20C8-4095-810D-C5C52E4C4491}
		{00FC7CEA-71B4-459C-ABAF-F1784B3415A5} = {1AB59847-20C8-4095-810D-C5C52E4C4491}
		{3B275FE3-48B2-4A1E-8D0A-4D4A34F7A427} = {18D09DE3-CE0B-4942-8D78-3D8F598C9562}
		{F019FC57-6EBC-4267-B1C2-D10F6D2BD987} = {3B275FE3-48B2-4A1E-8D0A-4D4A34F7A427}
		{6A2801BF-ACCE-4BFB-BCB7-5B09F4A826B1} = {3B275FE3-48B2-4A1E-8D0A-4D4A34F7A427}
		{F830007C-2C1D-46D7-A8AF-88177E1FC0C2} = {1AB59847-20C8-4095-810D-C5C52E4C4491}
		{E193841B-9F0B-431F-9E5D-A54D5F05B1C1} = {3B275FE3-48B2-4A1E-8D0A-4D4A34F7A427}
		{52DF7942-7FBD-4607-A670-E44F1B072D49} = {3B275FE3-48B2-4A1E-8D0A-4D4A34F7A427}
		{305F7D88-9FE8-4D03-8C2A-24B1C72686A2} = {3B275FE3-48B2-4A1E-8D0A-4D4A34F7A427}
	EndGlobalSection
EndGlobal
